
Microsoft Visual Studio Solution File, Format Version 12.00
# Visual Studio Version 17
VisualStudioVersion = 17.11.35219.272
MinimumVisualStudioVersion = 10.0.40219.1
Project("{9A19103F-16F7-4668-BE54-9A1E7A4F7556}") = "SimpleBlog.PL", "SimpleBlog.PL\SimpleBlog.PL.csproj", "{7B9F3C7D-1065-4ED6-A886-9F1D833B5D80}"
EndProject
Project("{9A19103F-16F7-4668-BE54-9A1E7A4F7556}") = "SimpleBlog.BLL", "SimpleBlog.BLL\SimpleBlog.BLL.csproj", "{FB8F4993-24B5-4894-B882-4D3EC345C069}"
EndProject
Project("{9A19103F-16F7-4668-BE54-9A1E7A4F7556}") = "SimpleBlog.DAL", "SimpleBlog.DAL\SimpleBlog.DAL.csproj", "{68D16C88-92C2-4F02-893F-82E6A02E84FC}"
EndProject
Project("{FAE04EC0-301F-11D3-BF4B-00C04F79EFBC}") = "SimpleBlogApi.PL", "SimpleBlogApi.PL\SimpleBlogApi.PL.csproj", "{8E7E032A-3486-4769-9A56-6434AFCBCF6C}"
EndProject
Global
	GlobalSection(SolutionConfigurationPlatforms) = preSolution
		Debug|Any CPU = Debug|Any CPU
		Release|Any CPU = Release|Any CPU
	EndGlobalSection
	GlobalSection(ProjectConfigurationPlatforms) = postSolution
		{7B9F3C7D-1065-4ED6-A886-9F1D833B5D80}.Debug|Any CPU.ActiveCfg = Debug|Any CPU
		{7B9F3C7D-1065-4ED6-A886-9F1D833B5D80}.Debug|Any CPU.Build.0 = Debug|Any CPU
		{7B9F3C7D-1065-4ED6-A886-9F1D833B5D80}.Release|Any CPU.ActiveCfg = Release|Any CPU
		{7B9F3C7D-1065-4ED6-A886-9F1D833B5D80}.Release|Any CPU.Build.0 = Release|Any CPU
		{FB8F4993-24B5-4894-B882-4D3EC345C069}.Debug|Any CPU.ActiveCfg = Debug|Any CPU
		{FB8F4993-24B5-4894-B882-4D3EC345C069}.Debug|Any CPU.Build.0 = Debug|Any CPU
		{FB8F4993-24B5-4894-B882-4D3EC345C069}.Release|Any CPU.ActiveCfg = Release|Any CPU
		{FB8F4993-24B5-4894-B882-4D3EC345C069}.Release|Any CPU.Build.0 = Release|Any CPU
		{68D16C88-92C2-4F02-893F-82E6A02E84FC}.Debug|Any CPU.ActiveCfg = Debug|Any CPU
		{68D16C88-92C2-4F02-893F-82E6A02E84FC}.Debug|Any CPU.Build.0 = Debug|Any CPU
		{68D16C88-92C2-4F02-893F-82E6A02E84FC}.Release|Any CPU.ActiveCfg = Release|Any CPU
		{68D16C88-92C2-4F02-893F-82E6A02E84FC}.Release|Any CPU.Build.0 = Release|Any CPU
		{8E7E032A-3486-4769-9A56-6434AFCBCF6C}.Debug|Any CPU.ActiveCfg = Debug|Any CPU
		{8E7E032A-3486-4769-9A56-6434AFCBCF6C}.Debug|Any CPU.Build.0 = Debug|Any CPU
		{8E7E032A-3486-4769-9A56-6434AFCBCF6C}.Release|Any CPU.ActiveCfg = Release|Any CPU
		{8E7E032A-3486-4769-9A56-6434AFCBCF6C}.Release|Any CPU.Build.0 = Release|Any CPU
	EndGlobalSection
	GlobalSection(SolutionProperties) = preSolution
		HideSolutionNode = FALSE
	EndGlobalSection
	GlobalSection(ExtensibilityGlobals) = postSolution
		SolutionGuid = {49B71E47-B8E0-4D58-A1F0-DC452A9279E4}
	EndGlobalSection
EndGlobal
